github.com/smartystreets/assertions v1.2.1 h1:bKNHfEv7tSIjZ8JbKaFjzFINljxG4lzZvmHUnElzOIg=
github.com/smartystreets/assertions v1.2.1/go.mod h1:wDmR7qL282YbGsPy6H/yAsesrxfxaaSlJazyFLYVFx8=
github.com/smartystreets/gunit v1.4.3 h1:yhnYXSXKK/R5vaUVGZD1zw4CQZqwtor7pp0VXBbMDrc=
github.com/smartystreets/gunit v1.4.3/go.mod h1:ciyZ4dVTN2S8npQ4g9lMdARLX5XboUpcq5O7N6GlQmw=
